
Microsoft Visual Studio Solution File, Format Version 12.00
# Visual Studio Version 17
VisualStudioVersion = 17.6.33712.159
MinimumVisualStudioVersion = 10.0.40219.1
Project("{9A19103F-16F7-4668-BE54-9A1E7A4F7556}") = "Entities", "Entities\Entities.csproj", "{87CA314F-B96C-4B6F-B824-17D08E79D50E}"
EndProject
Project("{9A19103F-16F7-4668-BE54-9A1E7A4F7556}") = "DataAccess", "DataAccess\DataAccess.csproj", "{80B063D0-8629-477E-AC65-D95AF986E98E}"
EndProject
Project("{9A19103F-16F7-4668-BE54-9A1E7A4F7556}") = "Business", "Business\Business.csproj", "{C717FB9A-1B3C-4567-8C4D-7240F0B499DD}"
EndProject
Project("{FAE04EC0-301F-11D3-BF4B-00C04F79EFBC}") = "ConsoleUII", "ConsoleUII\ConsoleUII.csproj", "{4D45CA51-3C7D-457B-897A-F5B2212EA6F2}"
EndProject
Global
	GlobalSection(SolutionConfigurationPlatforms) = preSolution
		Debug|Any CPU = Debug|Any CPU
		Release|Any CPU = Release|Any CPU
	EndGlobalSection
	GlobalSection(ProjectConfigurationPlatforms) = postSolution
		{87CA314F-B96C-4B6F-B824-17D08E79D50E}.Debug|Any CPU.ActiveCfg = Debug|Any CPU
		{87CA314F-B96C-4B6F-B824-17D08E79D50E}.Debug|Any CPU.Build.0 = Debug|Any CPU
		{87CA314F-B96C-4B6F-B824-17D08E79D50E}.Release|Any CPU.ActiveCfg = Release|Any CPU
		{87CA314F-B96C-4B6F-B824-17D08E79D50E}.Release|Any CPU.Build.0 = Release|Any CPU
		{80B063D0-8629-477E-AC65-D95AF986E98E}.Debug|Any CPU.ActiveCfg = Debug|Any CPU
		{80B063D0-8629-477E-AC65-D95AF986E98E}.Debug|Any CPU.Build.0 = Debug|Any CPU
		{80B063D0-8629-477E-AC65-D95AF986E98E}.Release|Any CPU.ActiveCfg = Release|Any CPU
		{80B063D0-8629-477E-AC65-D95AF986E98E}.Release|Any CPU.Build.0 = Release|Any CPU
		{C717FB9A-1B3C-4567-8C4D-7240F0B499DD}.Debug|Any CPU.ActiveCfg = Debug|Any CPU
		{C717FB9A-1B3C-4567-8C4D-7240F0B499DD}.Debug|Any CPU.Build.0 = Debug|Any CPU
		{C717FB9A-1B3C-4567-8C4D-7240F0B499DD}.Release|Any CPU.ActiveCfg = Release|Any CPU
		{C717FB9A-1B3C-4567-8C4D-7240F0B499DD}.Release|Any CPU.Build.0 = Release|Any CPU
		{4D45CA51-3C7D-457B-897A-F5B2212EA6F2}.Debug|Any CPU.ActiveCfg = Debug|Any CPU
		{4D45CA51-3C7D-457B-897A-F5B2212EA6F2}.Debug|Any CPU.Build.0 = Debug|Any CPU
		{4D45CA51-3C7D-457B-897A-F5B2212EA6F2}.Release|Any CPU.ActiveCfg = Release|Any CPU
		{4D45CA51-3C7D-457B-897A-F5B2212EA6F2}.Release|Any CPU.Build.0 = Release|Any CPU
	EndGlobalSection
	GlobalSection(SolutionProperties) = preSolution
		HideSolutionNode = FALSE
	EndGlobalSection
	GlobalSection(ExtensibilityGlobals) = postSolution
		SolutionGuid = {DE78A4DE-7C4A-4D1B-9280-6A3542D61F3B}
	EndGlobalSection
EndGlobal
