
Microsoft Visual Studio Solution File, Format Version 12.00
# Visual Studio Version 17
VisualStudioVersion = 17.9.34607.119
MinimumVisualStudioVersion = 10.0.40219.1
Project("{FAE04EC0-301F-11D3-BF4B-00C04F79EFBC}") = "Entities", "Entities\Entities.csproj", "{D7A264A2-2A60-4ADF-93E6-45A93242D3BD}"
EndProject
Project("{FAE04EC0-301F-11D3-BF4B-00C04F79EFBC}") = "DataAccess", "DataAccess\DataAccess.csproj", "{A5B422D9-606F-4B98-9345-8238D291C15E}"
EndProject
Project("{FAE04EC0-301F-11D3-BF4B-00C04F79EFBC}") = "Business", "Business\Business.csproj", "{81A9EB93-CC5B-48F2-9496-83F6D831C13E}"
EndProject
Project("{FAE04EC0-301F-11D3-BF4B-00C04F79EFBC}") = "ConsoleUI", "ConsoleUI\ConsoleUI.csproj", "{C7F175CE-2D8E-4E44-89B6-68CD66BE55BA}"
EndProject
Global
	GlobalSection(SolutionConfigurationPlatforms) = preSolution
		Debug|Any CPU = Debug|Any CPU
		Release|Any CPU = Release|Any CPU
	EndGlobalSection
	GlobalSection(ProjectConfigurationPlatforms) = postSolution
		{D7A264A2-2A60-4ADF-93E6-45A93242D3BD}.Debug|Any CPU.ActiveCfg = Debug|Any CPU
		{D7A264A2-2A60-4ADF-93E6-45A93242D3BD}.Debug|Any CPU.Build.0 = Debug|Any CPU
		{D7A264A2-2A60-4ADF-93E6-45A93242D3BD}.Release|Any CPU.ActiveCfg = Release|Any CPU
		{D7A264A2-2A60-4ADF-93E6-45A93242D3BD}.Release|Any CPU.Build.0 = Release|Any CPU
		{A5B422D9-606F-4B98-9345-8238D291C15E}.Debug|Any CPU.ActiveCfg = Debug|Any CPU
		{A5B422D9-606F-4B98-9345-8238D291C15E}.Debug|Any CPU.Build.0 = Debug|Any CPU
		{A5B422D9-606F-4B98-9345-8238D291C15E}.Release|Any CPU.ActiveCfg = Release|Any CPU
		{A5B422D9-606F-4B98-9345-8238D291C15E}.Release|Any CPU.Build.0 = Release|Any CPU
		{81A9EB93-CC5B-48F2-9496-83F6D831C13E}.Debug|Any CPU.ActiveCfg = Debug|Any CPU
		{81A9EB93-CC5B-48F2-9496-83F6D831C13E}.Debug|Any CPU.Build.0 = Debug|Any CPU
		{81A9EB93-CC5B-48F2-9496-83F6D831C13E}.Release|Any CPU.ActiveCfg = Release|Any CPU
		{81A9EB93-CC5B-48F2-9496-83F6D831C13E}.Release|Any CPU.Build.0 = Release|Any CPU
		{C7F175CE-2D8E-4E44-89B6-68CD66BE55BA}.Debug|Any CPU.ActiveCfg = Debug|Any CPU
		{C7F175CE-2D8E-4E44-89B6-68CD66BE55BA}.Debug|Any CPU.Build.0 = Debug|Any CPU
		{C7F175CE-2D8E-4E44-89B6-68CD66BE55BA}.Release|Any CPU.ActiveCfg = Release|Any CPU
		{C7F175CE-2D8E-4E44-89B6-68CD66BE55BA}.Release|Any CPU.Build.0 = Release|Any CPU
	EndGlobalSection
	GlobalSection(SolutionProperties) = preSolution
		HideSolutionNode = FALSE
	EndGlobalSection
	GlobalSection(ExtensibilityGlobals) = postSolution
		SolutionGuid = {586BC359-6E78-4115-831C-6680BDE3F51E}
	EndGlobalSection
EndGlobal
